
Microsoft Visual Studio Solution File, Format Version 12.00
# Visual Studio Version 17
VisualStudioVersion = 17.6.33815.320
MinimumVisualStudioVersion = 10.0.40219.1
Project("{9A19103F-16F7-4668-BE54-9A1E7A4F7556}") = "CarDealer", "Cardealer\CarDealer.csproj", "{87C6BD6A-C6EF-4544-A500-B8C5FBD4BFDD}"
EndProject
Project("{9A19103F-16F7-4668-BE54-9A1E7A4F7556}") = "CarDealers.Repository", "CarDealers\CarDealers.Repository.csproj", "{87E007B1-BD60-4E0A-816D-594D8201FC23}"
EndProject
Global
	GlobalSection(SolutionConfigurationPlatforms) = preSolution
		Debug|Any CPU = Debug|Any CPU
		Release|Any CPU = Release|Any CPU
	EndGlobalSection
	GlobalSection(ProjectConfigurationPlatforms) = postSolution
		{87C6BD6A-C6EF-4544-A500-B8C5FBD4BFDD}.Debug|Any CPU.ActiveCfg = Debug|Any CPU
		{87C6BD6A-C6EF-4544-A500-B8C5FBD4BFDD}.Debug|Any CPU.Build.0 = Debug|Any CPU
		{87C6BD6A-C6EF-4544-A500-B8C5FBD4BFDD}.Release|Any CPU.ActiveCfg = Release|Any CPU
		{87C6BD6A-C6EF-4544-A500-B8C5FBD4BFDD}.Release|Any CPU.Build.0 = Release|Any CPU
		{87E007B1-BD60-4E0A-816D-594D8201FC23}.Debug|Any CPU.ActiveCfg = Debug|Any CPU
		{87E007B1-BD60-4E0A-816D-594D8201FC23}.Debug|Any CPU.Build.0 = Debug|Any CPU
		{87E007B1-BD60-4E0A-816D-594D8201FC23}.Release|Any CPU.ActiveCfg = Release|Any CPU
		{87E007B1-BD60-4E0A-816D-594D8201FC23}.Release|Any CPU.Build.0 = Release|Any CPU
	EndGlobalSection
	GlobalSection(SolutionProperties) = preSolution
		HideSolutionNode = FALSE
	EndGlobalSection
	GlobalSection(ExtensibilityGlobals) = postSolution
		SolutionGuid = {3E2CEB95-842F-4C29-B55E-89EC7BCC7A78}
	EndGlobalSection
EndGlobal
